// !$*UTF8*$!
{
	archiveVersion = 1;
	classes = {
	};
	objectVersion = 48;
	objects = {

/* Begin PBXBuildFile section */
		49AEC1B52023A28E002A3AF4 /* AppDelegate.swift in Sources */ = {isa = PBXBuildFile; fileRef = 49AEC1B42023A28E002A3AF4 /* AppDelegate.swift */; };
		49AEC1B72023A28E002A3AF4 /* ViewController.swift in Sources */ = {isa = PBXBuildFile; fileRef = 49AEC1B62023A28E002A3AF4 /* ViewController.swift */; };
		49AEC1BA2023A28E002A3AF4 /* Main.storyboard in Resources */ = {isa = PBXBuildFile; fileRef = 49AEC1B82023A28E002A3AF4 /* Main.storyboard */; };
		49AEC1BC2023A28E002A3AF4 /* Assets.xcassets in Resources */ = {isa = PBXBuildFile; fileRef = 49AEC1BB2023A28E002A3AF4 /* Assets.xcassets */; };
		49AEC1BF2023A28E002A3AF4 /* LaunchScreen.storyboard in Resources */ = {isa = PBXBuildFile; fileRef = 49AEC1BD2023A28E002A3AF4 /* LaunchScreen.storyboard */; };
/* End PBXBuildFile section */

/* Begin PBXFileReference section */
		49AEC1B12023A28D002A3AF4 /* ImageSearchTest.app */ = {isa = PBXFileReference; explicitFileType = wrapper.application; includeInIndex = 0; path = ImageSearchTest.app; sourceTree = BUILT_PRODUCTS_DIR; };
		49AEC1B42023A28E002A3AF4 /* AppDelegate.swift */ = {isa = PBXFileReference; lastKnownFileType = sourcecode.swift; path = AppDelegate.swift; sourceTree = "<group>"; };
		49AEC1B62023A28E002A3AF4 /* ViewController.swift */ = {isa = PBXFileReference; lastKnownFileType = sourcecode.swift; path = ViewController.swift; sourceTree = "<group>"; };
		49AEC1B92023A28E002A3AF4 /* Base */ = {isa = PBXFileReference; lastKnownFileType = file.storyboard; name = Base; path = Base.lproj/Main.storyboard; sourceTree = "<group>"; };
		49AEC1BB2023A28E002A3AF4 /* Assets.xcassets */ = {isa = PBXFileReference; lastKnownFileType = folder.assetcatalog; path = Assets.xcassets; sourceTree = "<group>"; };
		49AEC1BE2023A28E002A3AF4 /* Base */ = {isa = PBXFileReference; lastKnownFileType = file.storyboard; name = Base; path = Base.lproj/LaunchScreen.storyboard; sourceTree = "<group>"; };
		49AEC1C02023A28E002A3AF4 /* Info.plist */ = {isa = PBXFileReference; lastKnownFileType = text.plist.xml; path = Info.plist; sourceTree = "<group>"; };
/* End PBXFileReference section */

/* Begin PBXFrameworksBuildPhase section */
		49AEC1AE2023A28D002A3AF4 /* Frameworks */ = {
			isa = PBXFrameworksBuildPhase;
			buildActionMask = 2147483647;
			files = (
			);
			runOnlyForDeploymentPostprocessing = 0;
		};
/* End PBXFrameworksBuildPhase section */

/* Begin PBXGroup section */
		49AEC1A82023A28D002A3AF4 = {
			isa = PBXGroup;
			children = (
				49AEC1B32023A28D002A3AF4 /* ImageSearchTest */,
				49AEC1B22023A28D002A3AF4 /* Products */,
			);
			sourceTree = "<group>";
		};
		49AEC1B22023A28D002A3AF4 /* Products */ = {
			isa = PBXGroup;
			children = (
				49AEC1B12023A28D002A3AF4 /* ImageSearchTest.app */,
			);
			name = Products;
			sourceTree = "<group>";
		};
		49AEC1B32023A28D002A3AF4 /* ImageSearchTest */ = {
			isa = PBXGroup;
			children = (
				49AEC1B42023A28E002A3AF4 /* AppDelegate.swift */,
				49AEC1B62023A28E002A3AF4 /* ViewController.swift */,
				49AEC1B82023A28E002A3AF4 /* Main.storyboard */,
				49AEC1BB2023A28E002A3AF4 /* Assets.xcassets */,
				49AEC1BD2023A28E002A3AF4 /* LaunchScreen.storyboard */,
				49AEC1C02023A28E002A3AF4 /* Info.plist */,
			);
			path = ImageSearchTest;
			sourceTree = "<group>";
		};
/* End PBXGroup section */

/* Begin PBXNativeTarget section */
		49AEC1B02023A28D002A3AF4 /* ImageSearchTest */ = {
			isa = PBXNativeTarget;
			buildConfigurationList = 49AEC1C32023A28E002A3AF4 /* Build configuration list for PBXNativeTarget "ImageSearchTest" */;
			buildPhases = (
				49AEC1AD2023A28D002A3AF4 /* Sources */,
				49AEC1AE2023A28D002A3AF4 /* Frameworks */,
				49AEC1AF2023A28D002A3AF4 /* Resources */,
			);
			buildRules = (
			);
			dependencies = (
			);
			name = ImageSearchTest;
			productName = ImageSearchTest;
			productReference = 49AEC1B12023A28D002A3AF4 /* ImageSearchTest.app */;
			productType = "com.apple.product-type.application";
		};
/* End PBXNativeTarget section */

/* Begin PBXProject section */
		49AEC1A92023A28D002A3AF4 /* Project object */ = {
			isa = PBXProject;
			attributes = {
				LastSwiftUpdateCheck = 0920;
				LastUpgradeCheck = 0920;
				ORGANIZATIONNAME = "Oleksii Shulzhenko";
				TargetAttributes = {
					49AEC1B02023A28D002A3AF4 = {
						CreatedOnToolsVersion = 9.2;
						ProvisioningStyle = Automatic;
					};
				};
			};
			buildConfigurationList = 49AEC1AC2023A28D002A3AF4 /* Build configuration list for PBXProject "ImageSearchTest" */;
			compatibilityVersion = "Xcode 8.0";
			developmentRegion = en;
			hasScannedForEncodings = 0;
			knownRegions = (
				en,
				Base,
			);
			mainGroup = 49AEC1A82023A28D002A3AF4;
			productRefGroup = 49AEC1B22023A28D002A3AF4 /* Products */;
			projectDirPath = "";
			projectRoot = "";
			targets = (
				49AEC1B02023A28D002A3AF4 /* ImageSearchTest */,
			);
		};
/* End PBXProject section */

/* Begin PBXResourcesBuildPhase section */
		49AEC1AF2023A28D002A3AF4 /* Resources */ = {
			isa = PBXResourcesBuildPhase;
			buildActionMask = 2147483647;
			files = (
				49AEC1BF2023A28E002A3AF4 /* LaunchScreen.storyboard in Resources */,
				49AEC1BC2023A28E002A3AF4 /* Assets.xcassets in Resources */,
				49AEC1BA2023A28E002A3AF4 /* Main.storyboard in Resources */,
			);
			runOnlyForDeploymentPostprocessing = 0;
		};
/* End PBXResourcesBuildPhase section */

/* Begin PBXSourcesBuildPhase section */
		49AEC1AD2023A28D002A3AF4 /* Sources */ = {
			isa = PBXSourcesBuildPhase;
			buildActionMask = 2147483647;
			files = (
				49AEC1B72023A28E002A3AF4 /* ViewController.swift in Sources */,
				49AEC1B52023A28E002A3AF4 /* AppDelegate.swift in Sources */,
			);
			runOnlyForDeploymentPostprocessing = 0;
		};
/* End PBXSourcesBuildPhase section */

/* Begin PBXVariantGroup section */
		49AEC1B82023A28E002A3AF4 /* Main.storyboard */ = {
			isa = PBXVariantGroup;
			children = (
				49AEC1B92023A28E002A3AF4 /* Base */,
			);
			name = Main.storyboard;
			sourceTree = "<group>";
		};
		49AEC1BD2023A28E002A3AF4 /* LaunchScreen.storyboard */ = {
			isa = PBXVariantGroup;
			children = (
				49AEC1BE2023A28E002A3AF4 /* Base */,
			);
			name = LaunchScreen.storyboard;
			sourceTree = "<group>";
		};
/* End PBXVariantGroup section */

/* Begin XCBuildConfiguration section */
		49AEC1C12023A28E002A3AF4 /* Debug */ = {
			isa = XCBuildConfiguration;
			buildSettings = {
				ALWAYS_SEARCH_USER_PATHS = NO;
				CLANG_ANALYZER_NONNULL = YES;
				CLANG_ANALYZER_NUMBER_OBJECT_CONVERSION = YES_AGGRESSIVE;
				CLANG_CXX_LANGUAGE_STANDARD = "gnu++14";
				CLANG_CXX_LIBRARY = "libc++";
				CLANG_ENABLE_MODULES = YES;
				CLANG_ENABLE_OBJC_ARC = YES;
				CLANG_WARN_BLOCK_CAPTURE_AUTORELEASING = YES;
				CLANG_WARN_BOOL_CONVERSION = YES;
				CLANG_WARN_COMMA = YES;
				CLANG_WARN_CONSTANT_CONVERSION = YES;
				CLANG_WARN_DIRECT_OBJC_ISA_USAGE = YES_ERROR;
				CLANG_WARN_DOCUMENTATION_COMMENTS = YES;
				CLANG_WARN_EMPTY_BODY = YES;
				CLANG_WARN_ENUM_CONVERSION = YES;
				CLANG_WARN_INFINITE_RECURSION = YES;
				CLANG_WARN_INT_CONVERSION = YES;
				CLANG_WARN_NON_LITERAL_NULL_CONVERSION = YES;
				CLANG_WARN_OBJC_LITERAL_CONVERSION = YES;
				CLANG_WARN_OBJC_ROOT_CLASS = YES_ERROR;
				CLANG_WARN_RANGE_LOOP_ANALYSIS = YES;
				CLANG_WARN_STRICT_PROTOTYPES = YES;
				CLANG_WARN_SUSPICIOUS_MOVE = YES;
				CLANG_WARN_UNGUARDED_AVAILABILITY = YES_AGGRESSIVE;
				CLANG_WARN_UNREACHABLE_CODE = YES;
				CLANG_WARN__DUPLICATE_METHOD_MATCH = YES;
				CODE_SIGN_IDENTITY = "iPhone Developer";
				COPY_PHASE_STRIP = NO;
				DEBUG_INFORMATION_FORMAT = dwarf;
				ENABLE_STRICT_OBJC_MSGSEND = YES;
				ENABLE_TESTABILITY = YES;
				GCC_C_LANGUAGE_STANDARD = gnu11;
				GCC_DYNAMIC_NO_PIC = NO;
				GCC_NO_COMMON_BLOCKS = YES;
				GCC_OPTIMIZATION_LEVEL = 0;
				GCC_PREPROCESSOR_DEFINITIONS = (
					"DEBUG=1",
					"$(inherited)",
				);
				GCC_WARN_64_TO_32_BIT_CONVERSION = YES;
				GCC_WARN_ABOUT_RETURN_TYPE = YES_ERROR;
				GCC_WARN_UNDECLARED_SELECTOR = YES;
				GCC_WARN_UNINITIALIZED_AUTOS = YES_AGGRESSIVE;
				GCC_WARN_UNUSED_FUNCTION = YES;
				GCC_WARN_UNUSED_VARIABLE = YES;
				IPHONEOS_DEPLOYMENT_TARGET = 11.2;
				MTL_ENABLE_DEBUG_INFO = YES;
				ONLY_ACTIVE_ARCH = YES;
				SDKROOT = iphoneos;
				SWIFT_ACTIVE_COMPILATION_CONDITIONS = DEBUG;
				SWIFT_OPTIMIZATION_LEVEL = "-Onone";
			};
			name = Debug;
		};
		49AEC1C22023A28E002A3AF4 /* Release */ = {
			isa = XCBuildConfiguration;
			buildSettings = {
				ALWAYS_SEARCH_USER_PATHS = NO;
				CLANG_ANALYZER_NONNULL = YES;
				CLANG_ANALYZER_NUMBER_OBJECT_CONVERSION = YES_AGGRESSIVE;
				CLANG_CXX_LANGUAGE_STANDARD = "gnu++14";
				CLANG_CXX_LIBRARY = "libc++";
				CLANG_ENABLE_MODULES = YES;
				CLANG_ENABLE_OBJC_ARC = YES;
				CLANG_WARN_BLOCK_CAPTURE_AUTORELEASING = YES;
				CLANG_WARN_BOOL_CONVERSION = YES;
				CLANG_WARN_COMMA = YES;
				CLANG_WARN_CONSTANT_CONVERSION = YES;
				CLANG_WARN_DIRECT_OBJC_ISA_USAGE = YES_ERROR;
				CLANG_WARN_DOCUMENTATION_COMMENTS = YES;
				CLANG_WARN_EMPTY_BODY = YES;
				CLANG_WARN_ENUM_CONVERSION = YES;
				CLANG_WARN_INFINITE_RECURSION = YES;
				CLANG_WARN_INT_CONVERSION = YES;
				CLANG_WARN_NON_LITERAL_NULL_CONVERSION = YES;
				CLANG_WARN_OBJC_LITERAL_CONVERSION = YES;
				CLANG_WARN_OBJC_ROOT_CLASS = YES_ERROR;
				CLANG_WARN_RANGE_LOOP_ANALYSIS = YES;
				CLANG_WARN_STRICT_PROTOTYPES = YES;
				CLANG_WARN_SUSPICIOUS_MOVE = YES;
				CLANG_WARN_UNGUARDED_AVAILABILITY = YES_AGGRESSIVE;
				CLANG_WARN_UNREACHABLE_CODE = YES;
				CLANG_WARN__DUPLICATE_METHOD_MATCH = YES;
				CODE_SIGN_IDENTITY = "iPhone Developer";
				COPY_PHASE_STRIP = NO;
				DEBUG_INFORMATION_FORMAT = "dwarf-with-dsym";
				ENABLE_NS_ASSERTIONS = NO;
				ENABLE_STRICT_OBJC_MSGSEND = YES;
				GCC_C_LANGUAGE_STANDARD = gnu11;
				GCC_NO_COMMON_BLOCKS = YES;
				GCC_WARN_64_TO_32_BIT_CONVERSION = YES;
				GCC_WARN_ABOUT_RETURN_TYPE = YES_ERROR;
				GCC_WARN_UNDECLARED_SELECTOR = YES;
				GCC_WARN_UNINITIALIZED_AUTOS = YES_AGGRESSIVE;
				GCC_WARN_UNUSED_FUNCTION = YES;
				GCC_WARN_UNUSED_VARIABLE = YES;
				IPHONEOS_DEPLOYMENT_TARGET = 11.2;
				MTL_ENABLE_DEBUG_INFO = NO;
				SDKROOT = iphoneos;
				SWIFT_OPTIMIZATION_LEVEL = "-Owholemodule";
				VALIDATE_PRODUCT = YES;
			};
			name = Release;
		};
		49AEC1C42023A28E002A3AF4 /* Debug */ = {
			isa = XCBuildConfiguration;
			buildSettings = {
				ASSETCATALOG_COMPILER_APPICON_NAME = AppIcon;
				CODE_SIGN_STYLE = Automatic;
				DEVELOPMENT_TEAM = F8PC5YP3UQ;
				INFOPLIST_FILE = ImageSearchTest/Info.plist;
				LD_RUNPATH_SEARCH_PATHS = "$(inherited) @executable_path/Frameworks";
				PRODUCT_BUNDLE_IDENTIFIER = OleksiiShulzhenko.ImageSearchTest;
				PRODUCT_NAME = "$(TARGET_NAME)";
				SWIFT_VERSION = 4.0;
				TARGETED_DEVICE_FAMILY = "1,2";
			};
			name = Debug;
		};
		49AEC1C52023A28E002A3AF4 /* Release */ = {
			isa = XCBuildConfiguration;
			buildSettings = {
				ASSETCATALOG_COMPILER_APPICON_NAME = AppIcon;
				CODE_SIGN_STYLE = Automatic;
				DEVELOPMENT_TEAM = F8PC5YP3UQ;
				INFOPLIST_FILE = ImageSearchTest/Info.plist;
				LD_RUNPATH_SEARCH_PATHS = "$(inherited) @executable_path/Frameworks";
				PRODUCT_BUNDLE_IDENTIFIER = OleksiiShulzhenko.ImageSearchTest;
				PRODUCT_NAME = "$(TARGET_NAME)";
				SWIFT_VERSION = 4.0;
				TARGETED_DEVICE_FAMILY = "1,2";
			};
			name = Release;
		};
/* End XCBuildConfiguration section */

/* Begin XCConfigurationList section */
		49AEC1AC2023A28D002A3AF4 /* Build configuration list for PBXProject "ImageSearchTest" */ = {
			isa = XCConfigurationList;
			buildConfigurations = (
				49AEC1C12023A28E002A3AF4 /* Debug */,
				49AEC1C22023A28E002A3AF4 /* Release */,
			);
			defaultConfigurationIsVisible = 0;
			defaultConfigurationName = Release;
		};
		49AEC1C32023A28E002A3AF4 /* Build configuration list for PBXNativeTarget "ImageSearchTest" */ = {
			isa = XCConfigurationList;
			buildConfigurations = (
				49AEC1C42023A28E002A3AF4 /* Debug */,
				49AEC1C52023A28E002A3AF4 /* Release */,
			);
			defaultConfigurationIsVisible = 0;
			defaultConfigurationName = Release;
		};
/* End XCConfigurationList section */
	};
	rootObject = 49AEC1A92023A28D002A3AF4 /* Project object */;
}
